
Microsoft Visual Studio Solution File, Format Version 12.00
# Visual Studio Version 16
VisualStudioVersion = 16.0.30204.135
MinimumVisualStudioVersion = 10.0.40219.1
Project("{FAE04EC0-301F-11D3-BF4B-00C04F79EFBC}") = "JWT.API.Client", "JWT.API.Client\JWT.API.Client.csproj", "{BEF9079A-85FA-44E1-88C4-7ACB1F3A727F}"
EndProject
Project("{FAE04EC0-301F-11D3-BF4B-00C04F79EFBC}") = "JWT.API", "JWT.API\JWT.API.csproj", "{C0EA1CEA-F5F2-4438-BAD5-F64DC4D4C0D1}"
EndProject
Project("{FAE04EC0-301F-11D3-BF4B-00C04F79EFBC}") = "JWT.API.Tests", "JWT.API.Tests\JWT.API.Tests.csproj", "{6F11F6DA-7171-47D0-AC4D-C1B036392AD6}"
EndProject
Global
	GlobalSection(SolutionConfigurationPlatforms) = preSolution
		Debug|Any CPU = Debug|Any CPU
		Release|Any CPU = Release|Any CPU
	EndGlobalSection
	GlobalSection(ProjectConfigurationPlatforms) = postSolution
		{BEF9079A-85FA-44E1-88C4-7ACB1F3A727F}.Debug|Any CPU.ActiveCfg = Debug|Any CPU
		{BEF9079A-85FA-44E1-88C4-7ACB1F3A727F}.Debug|Any CPU.Build.0 = Debug|Any CPU
		{BEF9079A-85FA-44E1-88C4-7ACB1F3A727F}.Release|Any CPU.ActiveCfg = Release|Any CPU
		{BEF9079A-85FA-44E1-88C4-7ACB1F3A727F}.Release|Any CPU.Build.0 = Release|Any CPU
		{C0EA1CEA-F5F2-4438-BAD5-F64DC4D4C0D1}.Debug|Any CPU.ActiveCfg = Debug|Any CPU
		{C0EA1CEA-F5F2-4438-BAD5-F64DC4D4C0D1}.Debug|Any CPU.Build.0 = Debug|Any CPU
		{C0EA1CEA-F5F2-4438-BAD5-F64DC4D4C0D1}.Release|Any CPU.ActiveCfg = Release|Any CPU
		{C0EA1CEA-F5F2-4438-BAD5-F64DC4D4C0D1}.Release|Any CPU.Build.0 = Release|Any CPU
		{6F11F6DA-7171-47D0-AC4D-C1B036392AD6}.Debug|Any CPU.ActiveCfg = Debug|Any CPU
		{6F11F6DA-7171-47D0-AC4D-C1B036392AD6}.Debug|Any CPU.Build.0 = Debug|Any CPU
		{6F11F6DA-7171-47D0-AC4D-C1B036392AD6}.Release|Any CPU.ActiveCfg = Release|Any CPU
		{6F11F6DA-7171-47D0-AC4D-C1B036392AD6}.Release|Any CPU.Build.0 = Release|Any CPU
	EndGlobalSection
	GlobalSection(SolutionProperties) = preSolution
		HideSolutionNode = FALSE
	EndGlobalSection
	GlobalSection(ExtensibilityGlobals) = postSolution
		SolutionGuid = {0791E4A5-E07E-4571-8DD4-1A76105F32C2}
	EndGlobalSection
EndGlobal
